
Microsoft Visual Studio Solution File, Format Version 12.00
# Visual Studio Version 17
VisualStudioVersion = 17.14.36310.24 d17.14
MinimumVisualStudioVersion = 10.0.40219.1
Project("{FAE04EC0-301F-11D3-BF4B-00C04F79EFBC}") = "WebApplication3", "WebApplication3\WebApplication3.csproj", "{4C97F9A3-278D-4DE8-8F82-FD4536BECBA4}"
EndProject
Project("{FAE04EC0-301F-11D3-BF4B-00C04F79EFBC}") = "Entities", "Entities\Entities.csproj", "{AFC4ACB7-22DA-43CA-95E1-8407C543B53B}"
EndProject
Global
	GlobalSection(SolutionConfigurationPlatforms) = preSolution
		Debug|Any CPU = Debug|Any CPU
		Release|Any CPU = Release|Any CPU
	EndGlobalSection
	GlobalSection(ProjectConfigurationPlatforms) = postSolution
		{4C97F9A3-278D-4DE8-8F82-FD4536BECBA4}.Debug|Any CPU.ActiveCfg = Debug|Any CPU
		{4C97F9A3-278D-4DE8-8F82-FD4536BECBA4}.Debug|Any CPU.Build.0 = Debug|Any CPU
		{4C97F9A3-278D-4DE8-8F82-FD4536BECBA4}.Release|Any CPU.ActiveCfg = Release|Any CPU
		{4C97F9A3-278D-4DE8-8F82-FD4536BECBA4}.Release|Any CPU.Build.0 = Release|Any CPU
		{AFC4ACB7-22DA-43CA-95E1-8407C543B53B}.Debug|Any CPU.ActiveCfg = Debug|Any CPU
		{AFC4ACB7-22DA-43CA-95E1-8407C543B53B}.Debug|Any CPU.Build.0 = Debug|Any CPU
		{AFC4ACB7-22DA-43CA-95E1-8407C543B53B}.Release|Any CPU.ActiveCfg = Release|Any CPU
		{AFC4ACB7-22DA-43CA-95E1-8407C543B53B}.Release|Any CPU.Build.0 = Release|Any CPU
	EndGlobalSection
	GlobalSection(SolutionProperties) = preSolution
		HideSolutionNode = FALSE
	EndGlobalSection
	GlobalSection(ExtensibilityGlobals) = postSolution
		SolutionGuid = {8D1305E4-2CD2-4787-8740-A1E992CA53D4}
	EndGlobalSection
EndGlobal
